
Microsoft Visual Studio Solution File, Format Version 12.00
# Visual Studio Version 16
VisualStudioVersion = 16.0.30611.23
MinimumVisualStudioVersion = 10.0.40219.1
Project("{FAE04EC0-301F-11D3-BF4B-00C04F79EFBC}") = "RetexApi", "RetexApi\RetexApi.csproj", "{2A8AC1F5-1B8C-4CBE-9DB9-59429573DD69}"
EndProject
Global
	GlobalSection(SolutionConfigurationPlatforms) = preSolution
		Debug|Any CPU = Debug|Any CPU
		Release|Any CPU = Release|Any CPU
	EndGlobalSection
	GlobalSection(ProjectConfigurationPlatforms) = postSolution
		{2A8AC1F5-1B8C-4CBE-9DB9-59429573DD69}.Debug|Any CPU.ActiveCfg = Debug|Any CPU
		{2A8AC1F5-1B8C-4CBE-9DB9-59429573DD69}.Debug|Any CPU.Build.0 = Debug|Any CPU
		{2A8AC1F5-1B8C-4CBE-9DB9-59429573DD69}.Release|Any CPU.ActiveCfg = Release|Any CPU
		{2A8AC1F5-1B8C-4CBE-9DB9-59429573DD69}.Release|Any CPU.Build.0 = Release|Any CPU
	EndGlobalSection
	GlobalSection(SolutionProperties) = preSolution
		HideSolutionNode = FALSE
	EndGlobalSection
	GlobalSection(ExtensibilityGlobals) = postSolution
		SolutionGuid = {84E17E91-E51E-41B2-B477-04F62E7B55D8}
	EndGlobalSection
EndGlobal
